
Microsoft Visual Studio Solution File, Format Version 12.00
# Visual Studio Version 16
VisualStudioVersion = 16.0.30503.244
MinimumVisualStudioVersion = 10.0.40219.1
Project("{9A19103F-16F7-4668-BE54-9A1E7A4F7556}") = "weather_bot2", "weather_bot2\weather_bot2.csproj", "{A2AE5899-F304-4F8F-9A8E-D47A31E9F1DD}"
EndProject
Global
	GlobalSection(SolutionConfigurationPlatforms) = preSolution
		Debug|Any CPU = Debug|Any CPU
		Release|Any CPU = Release|Any CPU
	EndGlobalSection
	GlobalSection(ProjectConfigurationPlatforms) = postSolution
		{A2AE5899-F304-4F8F-9A8E-D47A31E9F1DD}.Debug|Any CPU.ActiveCfg = Debug|Any CPU
		{A2AE5899-F304-4F8F-9A8E-D47A31E9F1DD}.Debug|Any CPU.Build.0 = Debug|Any CPU
		{A2AE5899-F304-4F8F-9A8E-D47A31E9F1DD}.Release|Any CPU.ActiveCfg = Release|Any CPU
		{A2AE5899-F304-4F8F-9A8E-D47A31E9F1DD}.Release|Any CPU.Build.0 = Release|Any CPU
	EndGlobalSection
	GlobalSection(SolutionProperties) = preSolution
		HideSolutionNode = FALSE
	EndGlobalSection
	GlobalSection(ExtensibilityGlobals) = postSolution
		SolutionGuid = {D64AE666-A6EA-49B9-8CAB-1E7E4AEBD204}
	EndGlobalSection
EndGlobal
